<?xml version="1.0" encoding="utf-8"?>
<Project ToolsVersion="4.0" xmlns="http://schemas.microsoft.com/developer/msbuild/2003">
  <ItemGroup>
    <Filter Include="Source Files">
      <UniqueIdentifier>{4FC737F1-C7A5-4376-A066-2A32D752A2FF}</UniqueIdentifier>
      <Extensions>cpp;c;cc;cxx;c++;cppm;ixx;def;odl;idl;hpj;bat;asm;asmx</Extensions>
    </Filter>
    <Filter Include="Header Files">
      <UniqueIdentifier>{93995380-89BD-4b04-88EB-625FBE52EBFB}</UniqueIdentifier>
      <Extensions>h;hh;hpp;hxx;h++;hm;inl;inc;ipp;xsd</Extensions>
    </Filter>
    <Filter Include="Resource Files">
      <UniqueIdentifier>{67DA6AB6-F800-4c08-8B7A-83BB121AAD01}</UniqueIdentifier>
      <Extensions>rc;ico;cur;bmp;dlg;rc2;rct;bin;rgs;gif;jpg;jpeg;jpe;resx;tiff;tif;png;wav;mfcribbon-ms</Extensions>
    </Filter>
  </ItemGroup>
  <ItemGroup>
    <ClInclude Include="Source\gl.h">
      <Filter>Header Files</Filter>
    </ClInclude>
    <ClInclude Include="Source\gpu-noise.h">
      <Filter>Header Files</Filter>
    </ClInclude>
    <ClInclude Include="Source\mesh.h">
      <Filter>Header Files</Filter>
    </ClInclude>
    <ClInclude Include="Source\terrain\build-density.h">
      <Filter>Header Files</Filter>
    </ClInclude>
    <ClInclude Include="Source\terrain\chunk.h">
      <Filter>Header Files</Filter>
    </ClInclude>
    <ClInclude Include="Source\voxel-algorithm\voxel-generator.h">
      <Filter>Header Files</Filter>
    </ClInclude>
    <ClInclude Include="Source\timer.h">
      <Filter>Header Files</Filter>
    </ClInclude>
    <ClInclude Include="Source\voxel-algorithm\marchingcube.h">
      <Filter>Header Files</Filter>
    </ClInclude>
    <ClInclude Include="Source\voxel-algorithm\marchingcube-lut.h">
      <Filter>Header Files</Filter>
    </ClInclude>
    <ClInclude Include="Source\orbit-camera.h">
      <Filter>Header Files</Filter>
    </ClInclude>
    <ClInclude Include="Source\input.h">
      <Filter>Header Files</Filter>
    </ClInclude>
    <ClInclude Include="Source\voxel-algorithm\marching-cube-cpu.h">
      <Filter>Header Files</Filter>
    </ClInclude>
    <ClInclude Include="Source\first-person-camera.h">
      <Filter>Header Files</Filter>
    </ClInclude>
    <ClInclude Include="Source\camera.h">
      <Filter>Header Files</Filter>
    </ClInclude>
    <ClInclude Include="Source\glm-includes.h">
      <Filter>Header Files</Filter>
    </ClInclude>
    <ClInclude Include="Source\terrain\chunk-manager.h">
      <Filter>Header Files</Filter>
    </ClInclude>
    <ClInclude Include="Source\terrain\resource-pool.h">
      <Filter>Header Files</Filter>
    </ClInclude>
    <ClInclude Include="Source\terrain\terrain-resource-manager.h">
      <Filter>Header Files</Filter>
    </ClInclude>
    <ClInclude Include="Source\terrain\terrain-physics.h">
      <Filter>Header Files</Filter>
    </ClInclude>
    <ClInclude Include="Source\terrain\terrain.h">
      <Filter>Header Files</Filter>
    </ClInclude>
  </ItemGroup>
  <ItemGroup>
    <ClCompile Include="Source\gpu-noise.cpp">
      <Filter>Source Files</Filter>
    </ClCompile>
    <ClCompile Include="Source\main.cpp">
      <Filter>Source Files</Filter>
    </ClCompile>
    <ClCompile Include="Source\gl.cpp">
      <Filter>Source Files</Filter>
    </ClCompile>
    <ClCompile Include="Source\terrain\build-density.cpp">
      <Filter>Source Files</Filter>
    </ClCompile>
    <ClCompile Include="Source\terrain\chunk.cpp">
      <Filter>Source Files</Filter>
    </ClCompile>
    <ClCompile Include="Source\voxel-algorithm\marchingcube.cpp">
      <Filter>Source Files</Filter>
    </ClCompile>
    <ClCompile Include="Source\orbit-camera.cpp">
      <Filter>Source Files</Filter>
    </ClCompile>
    <ClCompile Include="Source\voxel-algorithm\marching-cube-cpu.cpp">
      <Filter>Source Files</Filter>
    </ClCompile>
    <ClCompile Include="Source\first-person-camera.cpp">
      <Filter>Source Files</Filter>
    </ClCompile>
    <ClCompile Include="Source\terrain\chunk-manager.cpp">
      <Filter>Source Files</Filter>
    </ClCompile>
    <ClCompile Include="Source\terrain\terrain-resource-manager.cpp">
      <Filter>Source Files</Filter>
    </ClCompile>
    <ClCompile Include="Source\terrain\terrain-physics.cpp">
      <Filter>Source Files</Filter>
    </ClCompile>
    <ClCompile Include="Source\terrain\terrain.cpp">
      <Filter>Source Files</Filter>
    </ClCompile>
  </ItemGroup>
  <ItemGroup>
    <CustomBuild Include="Assets\Shaders\build-density.comp.glsl" />
    <CustomBuild Include="Assets\Shaders\list-indices.comp.glsl" />
    <CustomBuild Include="Assets\Shaders\list-vertices.comp.glsl" />
    <CustomBuild Include="Assets\Shaders\main.frag.glsl" />
    <CustomBuild Include="Assets\Shaders\main.vert.glsl" />
    <CustomBuild Include="Assets\Shaders\terrain-physics.comp.glsl" />
    <CustomBuild Include="Assets\Shaders\instanced-mesh.frag.glsl" />
    <CustomBuild Include="Assets\Shaders\instanced-mesh.vert.glsl" />
  </ItemGroup>
  <ItemGroup>
    <None Include="Assets\Shaders\noise.comp.glsl" />
    <None Include="Assets\Shaders\noise.glsl" />
    <None Include="Assets\Shaders\helpers.glsl" />
    <None Include="Assets\Shaders\density.glsl" />
  </ItemGroup>
</Project>